// !$*UTF8*$!
{
	archiveVersion = 1;
	classes = {
	};
	objectVersion = 50;
	objects = {

/* Begin PBXBuildFile section */
		1DB20D988B7063786F570646 /* Pods_Learn_App.framework in Frameworks */ = {isa = PBXBuildFile; fileRef = 757877851E5FBF8361A0A9A9 /* Pods_Learn_App.framework */; };
		51108712271CC2A5002F94FC /* Learn_App.swift in Sources */ = {isa = PBXBuildFile; fileRef = 51108711271CC2A5002F94FC /* Learn_App.swift */; };
		51108716271CC2A8002F94FC /* Assets.xcassets in Resources */ = {isa = PBXBuildFile; fileRef = 51108715271CC2A8002F94FC /* Assets.xcassets */; };
		51108719271CC2A8002F94FC /* Preview Assets.xcassets in Resources */ = {isa = PBXBuildFile; fileRef = 51108718271CC2A8002F94FC /* Preview Assets.xcassets */; };
		5110872C271CC3C8002F94FC /* ContentViewRow.swift in Sources */ = {isa = PBXBuildFile; fileRef = 51108724271CC3C8002F94FC /* ContentViewRow.swift */; };
		5110872D271CC3C8002F94FC /* HomeView.swift in Sources */ = {isa = PBXBuildFile; fileRef = 51108725271CC3C8002F94FC /* HomeView.swift */; };
		5110872E271CC3C8002F94FC /* TestView.swift in Sources */ = {isa = PBXBuildFile; fileRef = 51108726271CC3C8002F94FC /* TestView.swift */; };
		5110872F271CC3C8002F94FC /* CodeTextView.swift in Sources */ = {isa = PBXBuildFile; fileRef = 51108727271CC3C8002F94FC /* CodeTextView.swift */; };
		51108730271CC3C8002F94FC /* RectangleCard.swift in Sources */ = {isa = PBXBuildFile; fileRef = 51108728271CC3C8002F94FC /* RectangleCard.swift */; };
		51108731271CC3C8002F94FC /* HomeViewRow.swift in Sources */ = {isa = PBXBuildFile; fileRef = 51108729271CC3C8002F94FC /* HomeViewRow.swift */; };
		51108732271CC3C8002F94FC /* ContentView.swift in Sources */ = {isa = PBXBuildFile; fileRef = 5110872A271CC3C8002F94FC /* ContentView.swift */; };
		51108733271CC3C8002F94FC /* ContentDetailView.swift in Sources */ = {isa = PBXBuildFile; fileRef = 5110872B271CC3C8002F94FC /* ContentDetailView.swift */; };
		51108736271CC42B002F94FC /* ContentModel.swift in Sources */ = {isa = PBXBuildFile; fileRef = 51108735271CC42B002F94FC /* ContentModel.swift */; };
		5110873B271CC469002F94FC /* Constants.swift in Sources */ = {isa = PBXBuildFile; fileRef = 51108738271CC469002F94FC /* Constants.swift */; };
		5110873C271CC469002F94FC /* data.json in Resources */ = {isa = PBXBuildFile; fileRef = 51108739271CC469002F94FC /* data.json */; };
		5110873D271CC469002F94FC /* style.html in Resources */ = {isa = PBXBuildFile; fileRef = 5110873A271CC469002F94FC /* style.html */; };
		51108740271CC48B002F94FC /* Models.swift in Sources */ = {isa = PBXBuildFile; fileRef = 5110873F271CC48B002F94FC /* Models.swift */; };
		5147E976274C15980071D454 /* GoogleService-Info.plist in Resources */ = {isa = PBXBuildFile; fileRef = 5147E975274C15980071D454 /* GoogleService-Info.plist */; };
		5170DA502720B00200CBB45F /* AVKit.framework in Frameworks */ = {isa = PBXBuildFile; fileRef = 51108721271CC38C002F94FC /* AVKit.framework */; };
		51E462D6271E35FC00DEA6A2 /* TestResultView.swift in Sources */ = {isa = PBXBuildFile; fileRef = 51E462D5271E35FC00DEA6A2 /* TestResultView.swift */; };
/* End PBXBuildFile section */

/* Begin PBXFileReference section */
		5110870E271CC2A5002F94FC /* Learn App.app */ = {isa = PBXFileReference; explicitFileType = wrapper.application; includeInIndex = 0; path = "Learn App.app"; sourceTree = BUILT_PRODUCTS_DIR; };
		51108711271CC2A5002F94FC /* Learn_App.swift */ = {isa = PBXFileReference; lastKnownFileType = sourcecode.swift; path = Learn_App.swift; sourceTree = "<group>"; };
		51108715271CC2A8002F94FC /* Assets.xcassets */ = {isa = PBXFileReference; lastKnownFileType = folder.assetcatalog; path = Assets.xcassets; sourceTree = "<group>"; };
		51108718271CC2A8002F94FC /* Preview Assets.xcassets */ = {isa = PBXFileReference; lastKnownFileType = folder.assetcatalog; path = "Preview Assets.xcassets"; sourceTree = "<group>"; };
		5110871A271CC2A8002F94FC /* Info.plist */ = {isa = PBXFileReference; lastKnownFileType = text.plist.xml; path = Info.plist; sourceTree = "<group>"; };
		51108721271CC38C002F94FC /* AVKit.framework */ = {isa = PBXFileReference; lastKnownFileType = wrapper.framework; name = AVKit.framework; path = System/Library/Frameworks/AVKit.framework; sourceTree = SDKROOT; };
		51108724271CC3C8002F94FC /* ContentViewRow.swift */ = {isa = PBXFileReference; fileEncoding = 4; lastKnownFileType = sourcecode.swift; path = ContentViewRow.swift; sourceTree = "<group>"; };
		51108725271CC3C8002F94FC /* HomeView.swift */ = {isa = PBXFileReference; fileEncoding = 4; lastKnownFileType = sourcecode.swift; path = HomeView.swift; sourceTree = "<group>"; };
		51108726271CC3C8002F94FC /* TestView.swift */ = {isa = PBXFileReference; fileEncoding = 4; lastKnownFileType = sourcecode.swift; path = TestView.swift; sourceTree = "<group>"; };
		51108727271CC3C8002F94FC /* CodeTextView.swift */ = {isa = PBXFileReference; fileEncoding = 4; lastKnownFileType = sourcecode.swift; path = CodeTextView.swift; sourceTree = "<group>"; };
		51108728271CC3C8002F94FC /* RectangleCard.swift */ = {isa = PBXFileReference; fileEncoding = 4; lastKnownFileType = sourcecode.swift; path = RectangleCard.swift; sourceTree = "<group>"; };
		51108729271CC3C8002F94FC /* HomeViewRow.swift */ = {isa = PBXFileReference; fileEncoding = 4; lastKnownFileType = sourcecode.swift; path = HomeViewRow.swift; sourceTree = "<group>"; };
		5110872A271CC3C8002F94FC /* ContentView.swift */ = {isa = PBXFileReference; fileEncoding = 4; lastKnownFileType = sourcecode.swift; path = ContentView.swift; sourceTree = "<group>"; };
		5110872B271CC3C8002F94FC /* ContentDetailView.swift */ = {isa = PBXFileReference; fileEncoding = 4; lastKnownFileType = sourcecode.swift; path = ContentDetailView.swift; sourceTree = "<group>"; };
		51108735271CC42B002F94FC /* ContentModel.swift */ = {isa = PBXFileReference; fileEncoding = 4; lastKnownFileType = sourcecode.swift; path = ContentModel.swift; sourceTree = "<group>"; };
		51108738271CC469002F94FC /* Constants.swift */ = {isa = PBXFileReference; fileEncoding = 4; lastKnownFileType = sourcecode.swift; path = Constants.swift; sourceTree = "<group>"; };
		51108739271CC469002F94FC /* data.json */ = {isa = PBXFileReference; fileEncoding = 4; lastKnownFileType = text.json; path = data.json; sourceTree = "<group>"; };
		5110873A271CC469002F94FC /* style.html */ = {isa = PBXFileReference; fileEncoding = 4; lastKnownFileType = text.html; path = style.html; sourceTree = "<group>"; };
		5110873F271CC48B002F94FC /* Models.swift */ = {isa = PBXFileReference; fileEncoding = 4; lastKnownFileType = sourcecode.swift; path = Models.swift; sourceTree = "<group>"; };
		5147E975274C15980071D454 /* GoogleService-Info.plist */ = {isa = PBXFileReference; fileEncoding = 4; lastKnownFileType = text.plist.xml; path = "GoogleService-Info.plist"; sourceTree = "<group>"; };
		51E462D5271E35FC00DEA6A2 /* TestResultView.swift */ = {isa = PBXFileReference; lastKnownFileType = sourcecode.swift; path = TestResultView.swift; sourceTree = "<group>"; };
		757877851E5FBF8361A0A9A9 /* Pods_Learn_App.framework */ = {isa = PBXFileReference; explicitFileType = wrapper.framework; includeInIndex = 0; path = Pods_Learn_App.framework; sourceTree = BUILT_PRODUCTS_DIR; };
		DBEB99D3404F1E1908BE1B8D /* Pods-Learn App.debug.xcconfig */ = {isa = PBXFileReference; includeInIndex = 1; lastKnownFileType = text.xcconfig; name = "Pods-Learn App.debug.xcconfig"; path = "Target Support Files/Pods-Learn App/Pods-Learn App.debug.xcconfig"; sourceTree = "<group>"; };
		F2D11D1A378F19856989521F /* Pods-Learn App.release.xcconfig */ = {isa = PBXFileReference; includeInIndex = 1; lastKnownFileType = text.xcconfig; name = "Pods-Learn App.release.xcconfig"; path = "Target Support Files/Pods-Learn App/Pods-Learn App.release.xcconfig"; sourceTree = "<group>"; };
/* End PBXFileReference section */

/* Begin PBXFrameworksBuildPhase section */
		5110870B271CC2A5002F94FC /* Frameworks */ = {
			isa = PBXFrameworksBuildPhase;
			buildActionMask = 2147483647;
			files = (
				5170DA502720B00200CBB45F /* AVKit.framework in Frameworks */,
				1DB20D988B7063786F570646 /* Pods_Learn_App.framework in Frameworks */,
			);
			runOnlyForDeploymentPostprocessing = 0;
		};
/* End PBXFrameworksBuildPhase section */

/* Begin PBXGroup section */
		036AFBAA57B16323192173D9 /* Pods */ = {
			isa = PBXGroup;
			children = (
				DBEB99D3404F1E1908BE1B8D /* Pods-Learn App.debug.xcconfig */,
				F2D11D1A378F19856989521F /* Pods-Learn App.release.xcconfig */,
			);
			name = Pods;
			path = Pods;
			sourceTree = "<group>";
		};
		51108705271CC2A5002F94FC = {
			isa = PBXGroup;
			children = (
				51108710271CC2A5002F94FC /* Learn App */,
				5110870F271CC2A5002F94FC /* Products */,
				51108720271CC38C002F94FC /* Frameworks */,
				036AFBAA57B16323192173D9 /* Pods */,
			);
			sourceTree = "<group>";
		};
		5110870F271CC2A5002F94FC /* Products */ = {
			isa = PBXGroup;
			children = (
				5110870E271CC2A5002F94FC /* Learn App.app */,
			);
			name = Products;
			sourceTree = "<group>";
		};
		51108710271CC2A5002F94FC /* Learn App */ = {
			isa = PBXGroup;
			children = (
				51108711271CC2A5002F94FC /* Learn_App.swift */,
				51108723271CC3C8002F94FC /* Views */,
				51108734271CC42B002F94FC /* ViewModels */,
				5110873E271CC48B002F94FC /* Models */,
				51108737271CC469002F94FC /* Resources */,
				51108715271CC2A8002F94FC /* Assets.xcassets */,
				5110871A271CC2A8002F94FC /* Info.plist */,
				5147E975274C15980071D454 /* GoogleService-Info.plist */,
				51108717271CC2A8002F94FC /* Preview Content */,
			);
			path = "Learn App";
			sourceTree = "<group>";
		};
		51108717271CC2A8002F94FC /* Preview Content */ = {
			isa = PBXGroup;
			children = (
				51108718271CC2A8002F94FC /* Preview Assets.xcassets */,
			);
			path = "Preview Content";
			sourceTree = "<group>";
		};
		51108720271CC38C002F94FC /* Frameworks */ = {
			isa = PBXGroup;
			children = (
				51108721271CC38C002F94FC /* AVKit.framework */,
				757877851E5FBF8361A0A9A9 /* Pods_Learn_App.framework */,
			);
			name = Frameworks;
			sourceTree = "<group>";
		};
		51108723271CC3C8002F94FC /* Views */ = {
			isa = PBXGroup;
			children = (
				51108725271CC3C8002F94FC /* HomeView.swift */,
				51108729271CC3C8002F94FC /* HomeViewRow.swift */,
				5110872A271CC3C8002F94FC /* ContentView.swift */,
				51108724271CC3C8002F94FC /* ContentViewRow.swift */,
				5110872B271CC3C8002F94FC /* ContentDetailView.swift */,
				51108726271CC3C8002F94FC /* TestView.swift */,
				51E462D5271E35FC00DEA6A2 /* TestResultView.swift */,
				51108727271CC3C8002F94FC /* CodeTextView.swift */,
				51108728271CC3C8002F94FC /* RectangleCard.swift */,
			);
			path = Views;
			sourceTree = "<group>";
		};
		51108734271CC42B002F94FC /* ViewModels */ = {
			isa = PBXGroup;
			children = (
				51108735271CC42B002F94FC /* ContentModel.swift */,
			);
			path = ViewModels;
			sourceTree = "<group>";
		};
		51108737271CC469002F94FC /* Resources */ = {
			isa = PBXGroup;
			children = (
				51108738271CC469002F94FC /* Constants.swift */,
				51108739271CC469002F94FC /* data.json */,
				5110873A271CC469002F94FC /* style.html */,
			);
			path = Resources;
			sourceTree = "<group>";
		};
		5110873E271CC48B002F94FC /* Models */ = {
			isa = PBXGroup;
			children = (
				5110873F271CC48B002F94FC /* Models.swift */,
			);
			path = Models;
			sourceTree = "<group>";
		};
/* End PBXGroup section */

/* Begin PBXNativeTarget section */
		5110870D271CC2A5002F94FC /* Learn App */ = {
			isa = PBXNativeTarget;
			buildConfigurationList = 5110871D271CC2A8002F94FC /* Build configuration list for PBXNativeTarget "Learn App" */;
			buildPhases = (
				38C85F3631FD48D412F5690E /* [CP] Check Pods Manifest.lock */,
				5110870A271CC2A5002F94FC /* Sources */,
				5110870B271CC2A5002F94FC /* Frameworks */,
				5110870C271CC2A5002F94FC /* Resources */,
				2C2A992F88B4C7E5E285AD4F /* [CP] Embed Pods Frameworks */,
			);
			buildRules = (
			);
			dependencies = (
			);
			name = "Learn App";
			productName = "Learn App";
			productReference = 5110870E271CC2A5002F94FC /* Learn App.app */;
			productType = "com.apple.product-type.application";
		};
/* End PBXNativeTarget section */

/* Begin PBXProject section */
		51108706271CC2A5002F94FC /* Project object */ = {
			isa = PBXProject;
			attributes = {
				LastSwiftUpdateCheck = 1250;
				LastUpgradeCheck = 1250;
				TargetAttributes = {
					5110870D271CC2A5002F94FC = {
						CreatedOnToolsVersion = 12.5.1;
					};
				};
			};
			buildConfigurationList = 51108709271CC2A5002F94FC /* Build configuration list for PBXProject "Learn App" */;
			compatibilityVersion = "Xcode 9.3";
			developmentRegion = en;
			hasScannedForEncodings = 0;
			knownRegions = (
				en,
				Base,
			);
			mainGroup = 51108705271CC2A5002F94FC;
			productRefGroup = 5110870F271CC2A5002F94FC /* Products */;
			projectDirPath = "";
			projectRoot = "";
			targets = (
				5110870D271CC2A5002F94FC /* Learn App */,
			);
		};
/* End PBXProject section */

/* Begin PBXResourcesBuildPhase section */
		5110870C271CC2A5002F94FC /* Resources */ = {
			isa = PBXResourcesBuildPhase;
			buildActionMask = 2147483647;
			files = (
				51108719271CC2A8002F94FC /* Preview Assets.xcassets in Resources */,
				5110873C271CC469002F94FC /* data.json in Resources */,
				5147E976274C15980071D454 /* GoogleService-Info.plist in Resources */,
				5110873D271CC469002F94FC /* style.html in Resources */,
				51108716271CC2A8002F94FC /* Assets.xcassets in Resources */,
			);
			runOnlyForDeploymentPostprocessing = 0;
		};
/* End PBXResourcesBuildPhase section */

/* Begin PBXShellScriptBuildPhase section */
		2C2A992F88B4C7E5E285AD4F /* [CP] Embed Pods Frameworks */ = {
			isa = PBXShellScriptBuildPhase;
			buildActionMask = 2147483647;
			files = (
			);
			inputFileListPaths = (
				"${PODS_ROOT}/Target Support Files/Pods-Learn App/Pods-Learn App-frameworks-${CONFIGURATION}-input-files.xcfilelist",
			);
			name = "[CP] Embed Pods Frameworks";
			outputFileListPaths = (
				"${PODS_ROOT}/Target Support Files/Pods-Learn App/Pods-Learn App-frameworks-${CONFIGURATION}-output-files.xcfilelist",
			);
			runOnlyForDeploymentPostprocessing = 0;
			shellPath = /bin/sh;
			shellScript = "\"${PODS_ROOT}/Target Support Files/Pods-Learn App/Pods-Learn App-frameworks.sh\"\n";
			showEnvVarsInLog = 0;
		};
		38C85F3631FD48D412F5690E /* [CP] Check Pods Manifest.lock */ = {
			isa = PBXShellScriptBuildPhase;
			buildActionMask = 2147483647;
			files = (
			);
			inputFileListPaths = (
			);
			inputPaths = (
				"${PODS_PODFILE_DIR_PATH}/Podfile.lock",
				"${PODS_ROOT}/Manifest.lock",
			);
			name = "[CP] Check Pods Manifest.lock";
			outputFileListPaths = (
			);
			outputPaths = (
				"$(DERIVED_FILE_DIR)/Pods-Learn App-checkManifestLockResult.txt",
			);
			runOnlyForDeploymentPostprocessing = 0;
			shellPath = /bin/sh;
			shellScript = "diff \"${PODS_PODFILE_DIR_PATH}/Podfile.lock\" \"${PODS_ROOT}/Manifest.lock\" > /dev/null\nif [ $? != 0 ] ; then\n    # print error to STDERR\n    echo \"error: The sandbox is not in sync with the Podfile.lock. Run 'pod install' or update your CocoaPods installation.\" >&2\n    exit 1\nfi\n# This output is used by Xcode 'outputs' to avoid re-running this script phase.\necho \"SUCCESS\" > \"${SCRIPT_OUTPUT_FILE_0}\"\n";
			showEnvVarsInLog = 0;
		};
/* End PBXShellScriptBuildPhase section */

/* Begin PBXSourcesBuildPhase section */
		5110870A271CC2A5002F94FC /* Sources */ = {
			isa = PBXSourcesBuildPhase;
			buildActionMask = 2147483647;
			files = (
				51108731271CC3C8002F94FC /* HomeViewRow.swift in Sources */,
				51E462D6271E35FC00DEA6A2 /* TestResultView.swift in Sources */,
				5110873B271CC469002F94FC /* Constants.swift in Sources */,
				5110872F271CC3C8002F94FC /* CodeTextView.swift in Sources */,
				51108740271CC48B002F94FC /* Models.swift in Sources */,
				5110872E271CC3C8002F94FC /* TestView.swift in Sources */,
				5110872D271CC3C8002F94FC /* HomeView.swift in Sources */,
				51108733271CC3C8002F94FC /* ContentDetailView.swift in Sources */,
				51108732271CC3C8002F94FC /* ContentView.swift in Sources */,
				51108730271CC3C8002F94FC /* RectangleCard.swift in Sources */,
				51108736271CC42B002F94FC /* ContentModel.swift in Sources */,
				51108712271CC2A5002F94FC /* Learn_App.swift in Sources */,
				5110872C271CC3C8002F94FC /* ContentViewRow.swift in Sources */,
			);
			runOnlyForDeploymentPostprocessing = 0;
		};
/* End PBXSourcesBuildPhase section */

/* Begin XCBuildConfiguration section */
		5110871B271CC2A8002F94FC /* Debug */ = {
			isa = XCBuildConfiguration;
			buildSettings = {
				ALWAYS_SEARCH_USER_PATHS = NO;
				CLANG_ANALYZER_NONNULL = YES;
				CLANG_ANALYZER_NUMBER_OBJECT_CONVERSION = YES_AGGRESSIVE;
				CLANG_CXX_LANGUAGE_STANDARD = "gnu++14";
				CLANG_CXX_LIBRARY = "libc++";
				CLANG_ENABLE_MODULES = YES;
				CLANG_ENABLE_OBJC_ARC = YES;
				CLANG_ENABLE_OBJC_WEAK = YES;
				CLANG_WARN_BLOCK_CAPTURE_AUTORELEASING = YES;
				CLANG_WARN_BOOL_CONVERSION = YES;
				CLANG_WARN_COMMA = YES;
				CLANG_WARN_CONSTANT_CONVERSION = YES;
				CLANG_WARN_DEPRECATED_OBJC_IMPLEMENTATIONS = YES;
				CLANG_WARN_DIRECT_OBJC_ISA_USAGE = YES_ERROR;
				CLANG_WARN_DOCUMENTATION_COMMENTS = YES;
				CLANG_WARN_EMPTY_BODY = YES;
				CLANG_WARN_ENUM_CONVERSION = YES;
				CLANG_WARN_INFINITE_RECURSION = YES;
				CLANG_WARN_INT_CONVERSION = YES;
				CLANG_WARN_NON_LITERAL_NULL_CONVERSION = YES;
				CLANG_WARN_OBJC_IMPLICIT_RETAIN_SELF = YES;
				CLANG_WARN_OBJC_LITERAL_CONVERSION = YES;
				CLANG_WARN_OBJC_ROOT_CLASS = YES_ERROR;
				CLANG_WARN_QUOTED_INCLUDE_IN_FRAMEWORK_HEADER = YES;
				CLANG_WARN_RANGE_LOOP_ANALYSIS = YES;
				CLANG_WARN_STRICT_PROTOTYPES = YES;
				CLANG_WARN_SUSPICIOUS_MOVE = YES;
				CLANG_WARN_UNGUARDED_AVAILABILITY = YES_AGGRESSIVE;
				CLANG_WARN_UNREACHABLE_CODE = YES;
				CLANG_WARN__DUPLICATE_METHOD_MATCH = YES;
				COPY_PHASE_STRIP = NO;
				DEBUG_INFORMATION_FORMAT = dwarf;
				ENABLE_STRICT_OBJC_MSGSEND = YES;
				ENABLE_TESTABILITY = YES;
				GCC_C_LANGUAGE_STANDARD = gnu11;
				GCC_DYNAMIC_NO_PIC = NO;
				GCC_NO_COMMON_BLOCKS = YES;
				GCC_OPTIMIZATION_LEVEL = 0;
				GCC_PREPROCESSOR_DEFINITIONS = (
					"DEBUG=1",
					"$(inherited)",
				);
				GCC_WARN_64_TO_32_BIT_CONVERSION = YES;
				GCC_WARN_ABOUT_RETURN_TYPE = YES_ERROR;
				GCC_WARN_UNDECLARED_SELECTOR = YES;
				GCC_WARN_UNINITIALIZED_AUTOS = YES_AGGRESSIVE;
				GCC_WARN_UNUSED_FUNCTION = YES;
				GCC_WARN_UNUSED_VARIABLE = YES;
				IPHONEOS_DEPLOYMENT_TARGET = 14.5;
				MTL_ENABLE_DEBUG_INFO = INCLUDE_SOURCE;
				MTL_FAST_MATH = YES;
				ONLY_ACTIVE_ARCH = YES;
				SDKROOT = iphoneos;
				SWIFT_ACTIVE_COMPILATION_CONDITIONS = DEBUG;
				SWIFT_OPTIMIZATION_LEVEL = "-Onone";
			};
			name = Debug;
		};
		5110871C271CC2A8002F94FC /* Release */ = {
			isa = XCBuildConfiguration;
			buildSettings = {
				ALWAYS_SEARCH_USER_PATHS = NO;
				CLANG_ANALYZER_NONNULL = YES;
				CLANG_ANALYZER_NUMBER_OBJECT_CONVERSION = YES_AGGRESSIVE;
				CLANG_CXX_LANGUAGE_STANDARD = "gnu++14";
				CLANG_CXX_LIBRARY = "libc++";
				CLANG_ENABLE_MODULES = YES;
				CLANG_ENABLE_OBJC_ARC = YES;
				CLANG_ENABLE_OBJC_WEAK = YES;
				CLANG_WARN_BLOCK_CAPTURE_AUTORELEASING = YES;
				CLANG_WARN_BOOL_CONVERSION = YES;
				CLANG_WARN_COMMA = YES;
				CLANG_WARN_CONSTANT_CONVERSION = YES;
				CLANG_WARN_DEPRECATED_OBJC_IMPLEMENTATIONS = YES;
				CLANG_WARN_DIRECT_OBJC_ISA_USAGE = YES_ERROR;
				CLANG_WARN_DOCUMENTATION_COMMENTS = YES;
				CLANG_WARN_EMPTY_BODY = YES;
				CLANG_WARN_ENUM_CONVERSION = YES;
				CLANG_WARN_INFINITE_RECURSION = YES;
				CLANG_WARN_INT_CONVERSION = YES;
				CLANG_WARN_NON_LITERAL_NULL_CONVERSION = YES;
				CLANG_WARN_OBJC_IMPLICIT_RETAIN_SELF = YES;
				CLANG_WARN_OBJC_LITERAL_CONVERSION = YES;
				CLANG_WARN_OBJC_ROOT_CLASS = YES_ERROR;
				CLANG_WARN_QUOTED_INCLUDE_IN_FRAMEWORK_HEADER = YES;
				CLANG_WARN_RANGE_LOOP_ANALYSIS = YES;
				CLANG_WARN_STRICT_PROTOTYPES = YES;
				CLANG_WARN_SUSPICIOUS_MOVE = YES;
				CLANG_WARN_UNGUARDED_AVAILABILITY = YES_AGGRESSIVE;
				CLANG_WARN_UNREACHABLE_CODE = YES;
				CLANG_WARN__DUPLICATE_METHOD_MATCH = YES;
				COPY_PHASE_STRIP = NO;
				DEBUG_INFORMATION_FORMAT = "dwarf-with-dsym";
				ENABLE_NS_ASSERTIONS = NO;
				ENABLE_STRICT_OBJC_MSGSEND = YES;
				GCC_C_LANGUAGE_STANDARD = gnu11;
				GCC_NO_COMMON_BLOCKS = YES;
				GCC_WARN_64_TO_32_BIT_CONVERSION = YES;
				GCC_WARN_ABOUT_RETURN_TYPE = YES_ERROR;
				GCC_WARN_UNDECLARED_SELECTOR = YES;
				GCC_WARN_UNINITIALIZED_AUTOS = YES_AGGRESSIVE;
				GCC_WARN_UNUSED_FUNCTION = YES;
				GCC_WARN_UNUSED_VARIABLE = YES;
				IPHONEOS_DEPLOYMENT_TARGET = 14.5;
				MTL_ENABLE_DEBUG_INFO = NO;
				MTL_FAST_MATH = YES;
				SDKROOT = iphoneos;
				SWIFT_COMPILATION_MODE = wholemodule;
				SWIFT_OPTIMIZATION_LEVEL = "-O";
				VALIDATE_PRODUCT = YES;
			};
			name = Release;
		};
		5110871E271CC2A8002F94FC /* Debug */ = {
			isa = XCBuildConfiguration;
			baseConfigurationReference = DBEB99D3404F1E1908BE1B8D /* Pods-Learn App.debug.xcconfig */;
			buildSettings = {
				ASSETCATALOG_COMPILER_APPICON_NAME = AppIcon;
				ASSETCATALOG_COMPILER_GLOBAL_ACCENT_COLOR_NAME = AccentColor;
				CODE_SIGN_STYLE = Automatic;
				DEVELOPMENT_ASSET_PATHS = "\"Learn App/Preview Content\"";
				DEVELOPMENT_TEAM = 26U7AD78J4;
				ENABLE_PREVIEWS = YES;
				INFOPLIST_FILE = "Learn App/Info.plist";
				IPHONEOS_DEPLOYMENT_TARGET = 14.0;
				LD_RUNPATH_SEARCH_PATHS = (
					"$(inherited)",
					"@executable_path/Frameworks",
				);
				PRODUCT_BUNDLE_IDENTIFIER = "test3.Learn-App";
				PRODUCT_NAME = "$(TARGET_NAME)";
				SWIFT_VERSION = 5.0;
				TARGETED_DEVICE_FAMILY = "1,2";
			};
			name = Debug;
		};
		5110871F271CC2A8002F94FC /* Release */ = {
			isa = XCBuildConfiguration;
			baseConfigurationReference = F2D11D1A378F19856989521F /* Pods-Learn App.release.xcconfig */;
			buildSettings = {
				ASSETCATALOG_COMPILER_APPICON_NAME = AppIcon;
				ASSETCATALOG_COMPILER_GLOBAL_ACCENT_COLOR_NAME = AccentColor;
				CODE_SIGN_STYLE = Automatic;
				DEVELOPMENT_ASSET_PATHS = "\"Learn App/Preview Content\"";
				DEVELOPMENT_TEAM = 26U7AD78J4;
				ENABLE_PREVIEWS = YES;
				INFOPLIST_FILE = "Learn App/Info.plist";
				IPHONEOS_DEPLOYMENT_TARGET = 14.0;
				LD_RUNPATH_SEARCH_PATHS = (
					"$(inherited)",
					"@executable_path/Frameworks",
				);
				PRODUCT_BUNDLE_IDENTIFIER = "test3.Learn-App";
				PRODUCT_NAME = "$(TARGET_NAME)";
				SWIFT_VERSION = 5.0;
				TARGETED_DEVICE_FAMILY = "1,2";
			};
			name = Release;
		};
/* End XCBuildConfiguration section */

/* Begin XCConfigurationList section */
		51108709271CC2A5002F94FC /* Build configuration list for PBXProject "Learn App" */ = {
			isa = XCConfigurationList;
			buildConfigurations = (
				5110871B271CC2A8002F94FC /* Debug */,
				5110871C271CC2A8002F94FC /* Release */,
			);
			defaultConfigurationIsVisible = 0;
			defaultConfigurationName = Release;
		};
		5110871D271CC2A8002F94FC /* Build configuration list for PBXNativeTarget "Learn App" */ = {
			isa = XCConfigurationList;
			buildConfigurations = (
				5110871E271CC2A8002F94FC /* Debug */,
				5110871F271CC2A8002F94FC /* Release */,
			);
			defaultConfigurationIsVisible = 0;
			defaultConfigurationName = Release;
		};
/* End XCConfigurationList section */
	};
	rootObject = 51108706271CC2A5002F94FC /* Project object */;
}
